dependencies:
  78/esp_lcd_nv3023:
    component_hash: 2d1c227ae9c8d7303c0be9b2f2b45e595169a2ccb3055aad93b5f1600110b236
    dependencies:
    - name: espressif/cmake_utilities
      registry_url: https://components.espressif.com
      require: private
      version: 0.*
    - name: idf
      require: private
      version: '>=4.4'
    source:
      registry_url: https://components.espressif.com/
      type: service
    version: 1.0.1
  espressif/cmake_utilities:
    component_hash: 351350613ceafba240b761b4ea991e0f231ac7a9f59a9ee901f751bddc0bb18f
    dependencies:
    - name: idf
      require: private
      version: '>=4.1'
    source:
      registry_url: https://components.espressif.com
      type: service
    version: 0.5.3
  idf:
    source:
      type: idf
    version: 6.0.2
direct_dependencies:
- 78/esp_lcd_nv3023
manifest_hash: 453bd6310dcb6b87ea10da078811f7c78c729ac11993a98c68a618879b7b6180
target: esp32s3
version: 3.0.0
