// !$*UTF8*$!
{
	archiveVersion = 1;
	classes = {};
	objectVersion = 56;
	objects = {
		A1001 = {isa = PBXBuildFile; fileRef = A2001; };
		A1002 = {isa = PBXBuildFile; fileRef = A2002; };
		A1003 = {isa = PBXBuildFile; fileRef = A2003; };
		A1004 = {isa = PBXBuildFile; fileRef = A2004; };
		A1006 = {isa = PBXBuildFile; fileRef = A2006; };
		A1007 = {isa = PBXBuildFile; fileRef = A2007; };
		A1008 = {isa = PBXBuildFile; fileRef = A2008; };
		A1009 = {isa = PBXBuildFile; fileRef = A2009; };
		A2001 = {isa = PBXFileReference; lastKnownFileType = sourcecode.swift; path = AppDelegate.swift; sourceTree = "<group>"; };
		A2002 = {isa = PBXFileReference; lastKnownFileType = sourcecode.swift; path = SceneDelegate.swift; sourceTree = "<group>"; };
		A2003 = {isa = PBXFileReference; lastKnownFileType = sourcecode.swift; path = ViewController.swift; sourceTree = "<group>"; };
		A2004 = {isa = PBXFileReference; lastKnownFileType = sourcecode.swift; path = Configuration.swift; sourceTree = "<group>"; };
		A2005 = {isa = PBXFileReference; lastKnownFileType = text.plist.xml; path = Info.plist; sourceTree = "<group>"; };
		A2006 = {isa = PBXFileReference; lastKnownFileType = folder.assetcatalog; path = Assets.xcassets; sourceTree = "<group>"; };
		A2007 = {isa = PBXFileReference; lastKnownFileType = file.storyboard; path = Base.lproj/LaunchScreen.storyboard; sourceTree = "<group>"; };
		A2008 = {isa = PBXFileReference; lastKnownFileType = text.html; path = Resources/bootstrap.html; sourceTree = "<group>"; };
		A2009 = {isa = PBXFileReference; lastKnownFileType = wrapper.framework; name = WebKit.framework; path = System/Library/Frameworks/WebKit.framework; sourceTree = SDKROOT; };
		A2010 = {isa = PBXFileReference; explicitFileType = wrapper.application; path = RapidAIHubShell.app; sourceTree = BUILT_PRODUCTS_DIR; };
		A3001 = {isa = PBXFrameworksBuildPhase; buildActionMask = 2147483647; files = (A1009, ); runOnlyForDeploymentPostprocessing = 0; };
		A3002 = {isa = PBXResourcesBuildPhase; buildActionMask = 2147483647; files = (A1006, A1007, A1008, ); runOnlyForDeploymentPostprocessing = 0; };
		A3003 = {isa = PBXSourcesBuildPhase; buildActionMask = 2147483647; files = (A1001, A1002, A1003, A1004, ); runOnlyForDeploymentPostprocessing = 0; };
		A4001 = {isa = PBXGroup; children = (A4002, A4003, A4004, ); sourceTree = "<group>"; };
		A4002 = {isa = PBXGroup; path = RapidAIHubShell; sourceTree = "<group>"; children = (A2001, A2002, A2003, A2004, A2005, A2006, A2007, A2008, ); };
		A4003 = {isa = PBXGroup; name = Frameworks; sourceTree = "<group>"; children = (A2009, ); };
		A4004 = {isa = PBXGroup; name = Products; sourceTree = "<group>"; children = (A2010, ); };
		A5001 = {isa = PBXNativeTarget; buildConfigurationList = A7001; buildPhases = (A3003, A3001, A3002, ); buildRules = (); dependencies = (); name = RapidAIHubShell; productName = RapidAIHubShell; productReference = A2010; productType = "com.apple.product-type.application"; };
		A6001 = {isa = PBXProject; attributes = {BuildIndependentTargetsInParallel = 1; LastSwiftUpdateCheck = 1600; LastUpgradeCheck = 1600;}; buildConfigurationList = A7002; compatibilityVersion = "Xcode 14.0"; developmentRegion = en; hasScannedForEncodings = 0; knownRegions = (en, Base, ); mainGroup = A4001; productRefGroup = A4004; projectDirPath = ""; projectRoot = ""; targets = (A5001, ); };
		A7001 = {isa = XCConfigurationList; buildConfigurations = (A7101, A7102, ); defaultConfigurationIsVisible = 0; defaultConfigurationName = Release; };
		A7002 = {isa = XCConfigurationList; buildConfigurations = (A7201, A7202, ); defaultConfigurationIsVisible = 0; defaultConfigurationName = Release; };
		A7101 = {isa = XCBuildConfiguration; name = Debug; buildSettings = {ASSETCATALOG_COMPILER_APPICON_NAME = AppIcon; CODE_SIGN_STYLE = Automatic; CURRENT_PROJECT_VERSION = 1; DEVELOPMENT_TEAM = ""; GENERATE_INFOPLIST_FILE = NO; INFOPLIST_FILE = RapidAIHubShell/Info.plist; IPHONEOS_DEPLOYMENT_TARGET = 15.0; LD_RUNPATH_SEARCH_PATHS = ("$(inherited)", "@executable_path/Frameworks", ); MARKETING_VERSION = 1.0; PRODUCT_BUNDLE_IDENTIFIER = tech.rapidai.hubshell; PRODUCT_NAME = "$(TARGET_NAME)"; SDKROOT = iphoneos; SUPPORTED_PLATFORMS = "iphoneos iphonesimulator"; SWIFT_VERSION = 5.0; TARGETED_DEVICE_FAMILY = "1,2"; };
		};
		A7102 = {isa = XCBuildConfiguration; name = Release; buildSettings = {ASSETCATALOG_COMPILER_APPICON_NAME = AppIcon; CODE_SIGN_STYLE = Automatic; CURRENT_PROJECT_VERSION = 1; DEVELOPMENT_TEAM = ""; GENERATE_INFOPLIST_FILE = NO; INFOPLIST_FILE = RapidAIHubShell/Info.plist; IPHONEOS_DEPLOYMENT_TARGET = 15.0; LD_RUNPATH_SEARCH_PATHS = ("$(inherited)", "@executable_path/Frameworks", ); MARKETING_VERSION = 1.0; PRODUCT_BUNDLE_IDENTIFIER = tech.rapidai.hubshell; PRODUCT_NAME = "$(TARGET_NAME)"; SDKROOT = iphoneos; SUPPORTED_PLATFORMS = "iphoneos iphonesimulator"; SWIFT_VERSION = 5.0; TARGETED_DEVICE_FAMILY = "1,2"; };
		};
		A7201 = {isa = XCBuildConfiguration; name = Debug; buildSettings = {CLANG_ENABLE_MODULES = YES; CLANG_ENABLE_OBJC_ARC = YES; IPHONEOS_DEPLOYMENT_TARGET = 15.0; SDKROOT = iphoneos; SWIFT_VERSION = 5.0; TARGETED_DEVICE_FAMILY = "1,2"; };
		};
		A7202 = {isa = XCBuildConfiguration; name = Release; buildSettings = {CLANG_ENABLE_MODULES = YES; CLANG_ENABLE_OBJC_ARC = YES; IPHONEOS_DEPLOYMENT_TARGET = 15.0; SDKROOT = iphoneos; SWIFT_VERSION = 5.0; TARGETED_DEVICE_FAMILY = "1,2"; };
		};
	};
	rootObject = A6001;
}
